
Microsoft Visual Studio Solution File, Format Version 12.00
# Visual Studio Version 18
VisualStudioVersion = 18.1.11312.151 d18.0
MinimumVisualStudioVersion = 10.0.40219.1
Project("{2150E333-8FDC-42A3-9474-1A3956D46DE8}") = "src", "src", "{349EDDA6-AB79-4CCF-AFD2-476E78CB45CA}"
EndProject
Project("{9A19103F-16F7-4668-BE54-9A1E7A4F7556}") = "IncidentService", "src\IncidentService\IncidentService.csproj", "{545B9BC6-2CD7-415E-8669-B0FEA7820777}"
EndProject
Project("{9A19103F-16F7-4668-BE54-9A1E7A4F7556}") = "DispatchService", "src\DispatchService\DispatchService.csproj", "{CEC46B70-E5B8-57DB-699D-79868046E839}"
EndProject
Project("{9A19103F-16F7-4668-BE54-9A1E7A4F7556}") = "NotificationService", "src\NotificationService\NotificationService.csproj", "{7CCD30E6-FBA1-4A27-93A1-366FE40444C5}"
EndProject
Project("{2150E333-8FDC-42A3-9474-1A3956D46DE8}") = "Solution Items", "Solution Items", "{1F6C5D4D-4737-4D4B-B4CE-D23DC6A655E0}"
	ProjectSection(SolutionItems) = preProject
		docker-compose.yml = docker-compose.yml
	EndProjectSection
EndProject
Project("{2150E333-8FDC-42A3-9474-1A3956D46DE8}") = "init-aws", "init-aws", "{7B917316-7429-44D4-BA49-42345202FDC5}"
	ProjectSection(SolutionItems) = preProject
		setup.sh = setup.sh
	EndProjectSection
EndProject
Project("{FAE04EC0-301F-11D3-BF4B-00C04F79EFBC}") = "Shared", "src\Shared\Shared.csproj", "{11B2DB09-36FA-48BB-BCAE-81432D7E8C2A}"
EndProject
Project("{FAE04EC0-301F-11D3-BF4B-00C04F79EFBC}") = "AuthService", "src\AuthService\AuthService.csproj", "{2FE3F51D-69D3-4308-B0A8-D99771052988}"
EndProject
Global
	GlobalSection(SolutionConfigurationPlatforms) = preSolution
		Debug|Any CPU = Debug|Any CPU
		Release|Any CPU = Release|Any CPU
	EndGlobalSection
	GlobalSection(ProjectConfigurationPlatforms) = postSolution
		{545B9BC6-2CD7-415E-8669-B0FEA7820777}.Debug|Any CPU.ActiveCfg = Debug|Any CPU
		{545B9BC6-2CD7-415E-8669-B0FEA7820777}.Debug|Any CPU.Build.0 = Debug|Any CPU
		{545B9BC6-2CD7-415E-8669-B0FEA7820777}.Release|Any CPU.ActiveCfg = Release|Any CPU
		{545B9BC6-2CD7-415E-8669-B0FEA7820777}.Release|Any CPU.Build.0 = Release|Any CPU
		{CEC46B70-E5B8-57DB-699D-79868046E839}.Debug|Any CPU.ActiveCfg = Debug|Any CPU
		{CEC46B70-E5B8-57DB-699D-79868046E839}.Debug|Any CPU.Build.0 = Debug|Any CPU
		{CEC46B70-E5B8-57DB-699D-79868046E839}.Release|Any CPU.ActiveCfg = Release|Any CPU
		{CEC46B70-E5B8-57DB-699D-79868046E839}.Release|Any CPU.Build.0 = Release|Any CPU
		{7CCD30E6-FBA1-4A27-93A1-366FE40444C5}.Debug|Any CPU.ActiveCfg = Debug|Any CPU
		{7CCD30E6-FBA1-4A27-93A1-366FE40444C5}.Debug|Any CPU.Build.0 = Debug|Any CPU
		{7CCD30E6-FBA1-4A27-93A1-366FE40444C5}.Release|Any CPU.ActiveCfg = Release|Any CPU
		{7CCD30E6-FBA1-4A27-93A1-366FE40444C5}.Release|Any CPU.Build.0 = Release|Any CPU
		{11B2DB09-36FA-48BB-BCAE-81432D7E8C2A}.Debug|Any CPU.ActiveCfg = Debug|Any CPU
		{11B2DB09-36FA-48BB-BCAE-81432D7E8C2A}.Debug|Any CPU.Build.0 = Debug|Any CPU
		{11B2DB09-36FA-48BB-BCAE-81432D7E8C2A}.Release|Any CPU.ActiveCfg = Release|Any CPU
		{11B2DB09-36FA-48BB-BCAE-81432D7E8C2A}.Release|Any CPU.Build.0 = Release|Any CPU
		{2FE3F51D-69D3-4308-B0A8-D99771052988}.Debug|Any CPU.ActiveCfg = Debug|Any CPU
		{2FE3F51D-69D3-4308-B0A8-D99771052988}.Debug|Any CPU.Build.0 = Debug|Any CPU
		{2FE3F51D-69D3-4308-B0A8-D99771052988}.Release|Any CPU.ActiveCfg = Release|Any CPU
		{2FE3F51D-69D3-4308-B0A8-D99771052988}.Release|Any CPU.Build.0 = Release|Any CPU
	EndGlobalSection
	GlobalSection(SolutionProperties) = preSolution
		HideSolutionNode = FALSE
	EndGlobalSection
	GlobalSection(NestedProjects) = preSolution
		{545B9BC6-2CD7-415E-8669-B0FEA7820777} = {349EDDA6-AB79-4CCF-AFD2-476E78CB45CA}
		{CEC46B70-E5B8-57DB-699D-79868046E839} = {349EDDA6-AB79-4CCF-AFD2-476E78CB45CA}
		{7CCD30E6-FBA1-4A27-93A1-366FE40444C5} = {349EDDA6-AB79-4CCF-AFD2-476E78CB45CA}
		{7B917316-7429-44D4-BA49-42345202FDC5} = {1F6C5D4D-4737-4D4B-B4CE-D23DC6A655E0}
		{11B2DB09-36FA-48BB-BCAE-81432D7E8C2A} = {349EDDA6-AB79-4CCF-AFD2-476E78CB45CA}
		{2FE3F51D-69D3-4308-B0A8-D99771052988} = {349EDDA6-AB79-4CCF-AFD2-476E78CB45CA}
	EndGlobalSection
	GlobalSection(ExtensibilityGlobals) = postSolution
		SolutionGuid = {97AD093F-E579-4277-BDA1-7A7344FBE26F}
	EndGlobalSection
EndGlobal
